
Microsoft Visual Studio Solution File, Format Version 12.00
# Visual Studio 15
Project("{FAE04EC0-301F-11D3-BF4B-00C04F79EFBC}") = "FunRecommendations", "FunRecommendations.csproj", "{6435AC9A-C33E-4271-AF99-E428C9180DED}"
EndProject
Global
	GlobalSection(SolutionConfigurationPlatforms) = preSolution
		Debug|Any CPU = Debug|Any CPU
		Release|Any CPU = Release|Any CPU
	EndGlobalSection
	GlobalSection(ProjectConfigurationPlatforms) = postSolution
		{6435AC9A-C33E-4271-AF99-E428C9180DED}.Debug|Any CPU.ActiveCfg = Debug|Any CPU
		{6435AC9A-C33E-4271-AF99-E428C9180DED}.Debug|Any CPU.Build.0 = Debug|Any CPU
		{6435AC9A-C33E-4271-AF99-E428C9180DED}.Release|Any CPU.ActiveCfg = Release|Any CPU
		{6435AC9A-C33E-4271-AF99-E428C9180DED}.Release|Any CPU.Build.0 = Release|Any CPU
	EndGlobalSection
EndGlobal
